# This file is autogenerated, do not edit; changes may be undone by the next 'dep ensure'.


[[projects]]
  name = "github.com/celian-garcia/gonfig"
  packages = ["."]
  revision = "e459e03044df1de4df89c5be71deaac7718b0909"
  version = "v0.1.1"

[[projects]]
  branch = "master"
  name = "github.com/documatrix/logrus-middleware"
  packages = ["."]
  revision = "148e2673ad8d05d7a3f145d6bd8e686c4f547399"

[[projects]]
  name = "github.com/gorilla/mux"
  packages = ["."]
  revision = "c5c6c98bc25355028a63748a498942a6398ccd22"
  version = "v1.7.1"

[[projects]]
  branch = "master"
  name = "github.com/juju/loggo"
  packages = ["."]
  revision = "d976af380377adda50b2d34279f1dec3507504ac"

[[projects]]
  name = "github.com/konsorten/go-windows-terminal-sequences"
  packages = ["."]
  revision = "f55edac94c9bbba5d6182a4be46d86a2c9b5b50e"
  version = "v1.0.2"

[[projects]]
  name = "github.com/pelletier/go-toml"
  packages = ["."]
  revision = "63909f0a90ab0f36909e8e044e46ace10cf13ba2"
  version = "v1.3.0"

[[projects]]
  name = "github.com/sirupsen/logrus"
  packages = ["."]
  revision = "8bdbc7bcc01dcbb8ec23dc8a28e332258d25251f"
  version = "v1.4.1"

[[projects]]
  name = "gitlab.milobella.com/milobella/ability-sdk-go"
  packages = ["pkg/ability"]
  revision = "faacca291414793ee6f8b72088374d40df0f8be5"
  source = "https://gitlab.milobella.com/milobella/abilities/ability-sdk-go.git"
  version = "0.2.0"

[[projects]]
  branch = "master"
  name = "golang.org/x/sys"
  packages = ["unix","windows"]
  revision = "d89cdac9e8725f2aefce25fcbfef41134c9ad412"

[[projects]]
  name = "gopkg.in/yaml.v2"
  packages = ["."]
  revision = "51d6538a90f86fe93ac480b35f37b2be17fef232"
  version = "v2.2.2"

[solve-meta]
  analyzer-name = "dep"
  analyzer-version = 1
  inputs-digest = "573e66aab9af264eb7911be9bf841aa7df2dc2346088ea5ffc904cb6432fce42"
  solver-name = "gps-cdcl"
  solver-version = 1
